
Microsoft Visual Studio Solution File, Format Version 12.00
# Visual Studio Version 17
VisualStudioVersion = 17.5.33516.290
MinimumVisualStudioVersion = 10.0.40219.1
Project("{FAE04EC0-301F-11D3-BF4B-00C04F79EFBC}") = "Barberries", "Barberries\Barberries.csproj", "{711CAB38-8097-4C53-B5FD-53DECD861530}"
EndProject
Global
	GlobalSection(SolutionConfigurationPlatforms) = preSolution
		Debug|Any CPU = Debug|Any CPU
		Release|Any CPU = Release|Any CPU
	EndGlobalSection
	GlobalSection(ProjectConfigurationPlatforms) = postSolution
		{711CAB38-8097-4C53-B5FD-53DECD861530}.Debug|Any CPU.ActiveCfg = Debug|Any CPU
		{711CAB38-8097-4C53-B5FD-53DECD861530}.Debug|Any CPU.Build.0 = Debug|Any CPU
		{711CAB38-8097-4C53-B5FD-53DECD861530}.Release|Any CPU.ActiveCfg = Release|Any CPU
		{711CAB38-8097-4C53-B5FD-53DECD861530}.Release|Any CPU.Build.0 = Release|Any CPU
	EndGlobalSection
	GlobalSection(SolutionProperties) = preSolution
		HideSolutionNode = FALSE
	EndGlobalSection
	GlobalSection(ExtensibilityGlobals) = postSolution
		SolutionGuid = {249801BA-D9FA-4492-A27B-348A12268154}
	EndGlobalSection
EndGlobal
